
Microsoft Visual Studio Solution File, Format Version 12.00
# Visual Studio 15
VisualStudioVersion = 15.0.28307.421
MinimumVisualStudioVersion = 10.0.40219.1
Project("{FAE04EC0-301F-11D3-BF4B-00C04F79EFBC}") = "PAS-launch-app.Android", "PAS-launch-app\PAS-launch-app.Android\PAS-launch-app.Android.csproj", "{0C809641-F857-4D40-AFA9-0AAE84B60F05}"
EndProject
Project("{FAE04EC0-301F-11D3-BF4B-00C04F79EFBC}") = "PAS-launch-app.iOS", "PAS-launch-app\PAS-launch-app.iOS\PAS-launch-app.iOS.csproj", "{74BF71B9-48DF-4E9C-B1B5-62B335F5EB1C}"
EndProject
Project("{FAE04EC0-301F-11D3-BF4B-00C04F79EFBC}") = "PAS-launch-app", "PAS-launch-app\PAS-launch-app\PAS-launch-app.csproj", "{8FE97C46-EF94-43C6-9FE0-5909D1209F07}"
EndProject
Global
	GlobalSection(SolutionConfigurationPlatforms) = preSolution
		Ad-Hoc|Any CPU = Ad-Hoc|Any CPU
		Ad-Hoc|iPhone = Ad-Hoc|iPhone
		Ad-Hoc|iPhoneSimulator = Ad-Hoc|iPhoneSimulator
		AppStore|Any CPU = AppStore|Any CPU
		AppStore|iPhone = AppStore|iPhone
		AppStore|iPhoneSimulator = AppStore|iPhoneSimulator
		Debug|Any CPU = Debug|Any CPU
		Debug|iPhone = Debug|iPhone
		Debug|iPhoneSimulator = Debug|iPhoneSimulator
		Release|Any CPU = Release|Any CPU
		Release|iPhone = Release|iPhone
		Release|iPhoneSimulator = Release|iPhoneSimulator
	EndGlobalSection
	GlobalSection(ProjectConfigurationPlatforms) = postSolution
		{0C809641-F857-4D40-AFA9-0AAE84B60F05}.Ad-Hoc|Any CPU.ActiveCfg = Release|Any CPU
		{0C809641-F857-4D40-AFA9-0AAE84B60F05}.Ad-Hoc|Any CPU.Build.0 = Release|Any CPU
		{0C809641-F857-4D40-AFA9-0AAE84B60F05}.Ad-Hoc|Any CPU.Deploy.0 = Release|Any CPU
		{0C809641-F857-4D40-AFA9-0AAE84B60F05}.Ad-Hoc|iPhone.ActiveCfg = Release|Any CPU
		{0C809641-F857-4D40-AFA9-0AAE84B60F05}.Ad-Hoc|iPhone.Build.0 = Release|Any CPU
		{0C809641-F857-4D40-AFA9-0AAE84B60F05}.Ad-Hoc|iPhone.Deploy.0 = Release|Any CPU
		{0C809641-F857-4D40-AFA9-0AAE84B60F05}.Ad-Hoc|iPhoneSimulator.ActiveCfg = Release|Any CPU
		{0C809641-F857-4D40-AFA9-0AAE84B60F05}.Ad-Hoc|iPhoneSimulator.Build.0 = Release|Any CPU
		{0C809641-F857-4D40-AFA9-0AAE84B60F05}.Ad-Hoc|iPhoneSimulator.Deploy.0 = Release|Any CPU
		{0C809641-F857-4D40-AFA9-0AAE84B60F05}.AppStore|Any CPU.ActiveCfg = Release|Any CPU
		{0C809641-F857-4D40-AFA9-0AAE84B60F05}.AppStore|Any CPU.Build.0 = Release|Any CPU
		{0C809641-F857-4D40-AFA9-0AAE84B60F05}.AppStore|Any CPU.Deploy.0 = Release|Any CPU
		{0C809641-F857-4D40-AFA9-0AAE84B60F05}.AppStore|iPhone.ActiveCfg = Release|Any CPU
		{0C809641-F857-4D40-AFA9-0AAE84B60F05}.AppStore|iPhone.Build.0 = Release|Any CPU
		{0C809641-F857-4D40-AFA9-0AAE84B60F05}.AppStore|iPhone.Deploy.0 = Release|Any CPU
		{0C809641-F857-4D40-AFA9-0AAE84B60F05}.AppStore|iPhoneSimulator.ActiveCfg = Release|Any CPU
		{0C809641-F857-4D40-AFA9-0AAE84B60F05}.AppStore|iPhoneSimulator.Build.0 = Release|Any CPU
		{0C809641-F857-4D40-AFA9-0AAE84B60F05}.AppStore|iPhoneSimulator.Deploy.0 = Release|Any CPU
		{0C809641-F857-4D40-AFA9-0AAE84B60F05}.Debug|Any CPU.ActiveCfg = Debug|Any CPU
		{0C809641-F857-4D40-AFA9-0AAE84B60F05}.Debug|Any CPU.Build.0 = Debug|Any CPU
		{0C809641-F857-4D40-AFA9-0AAE84B60F05}.Debug|Any CPU.Deploy.0 = Debug|Any CPU
		{0C809641-F857-4D40-AFA9-0AAE84B60F05}.Debug|iPhone.ActiveCfg = Debug|Any CPU
		{0C809641-F857-4D40-AFA9-0AAE84B60F05}.Debug|iPhone.Build.0 = Debug|Any CPU
		{0C809641-F857-4D40-AFA9-0AAE84B60F05}.Debug|iPhone.Deploy.0 = Debug|Any CPU
		{0C809641-F857-4D40-AFA9-0AAE84B60F05}.Debug|iPhoneSimulator.ActiveCfg = Debug|Any CPU
		{0C809641-F857-4D40-AFA9-0AAE84B60F05}.Debug|iPhoneSimulator.Build.0 = Debug|Any CPU
		{0C809641-F857-4D40-AFA9-0AAE84B60F05}.Debug|iPhoneSimulator.Deploy.0 = Debug|Any CPU
		{0C809641-F857-4D40-AFA9-0AAE84B60F05}.Release|Any CPU.ActiveCfg = Release|Any CPU
		{0C809641-F857-4D40-AFA9-0AAE84B60F05}.Release|Any CPU.Build.0 = Release|Any CPU
		{0C809641-F857-4D40-AFA9-0AAE84B60F05}.Release|Any CPU.Deploy.0 = Release|Any CPU
		{0C809641-F857-4D40-AFA9-0AAE84B60F05}.Release|iPhone.ActiveCfg = Release|Any CPU
		{0C809641-F857-4D40-AFA9-0AAE84B60F05}.Release|iPhone.Build.0 = Release|Any CPU
		{0C809641-F857-4D40-AFA9-0AAE84B60F05}.Release|iPhone.Deploy.0 = Release|Any CPU
		{0C809641-F857-4D40-AFA9-0AAE84B60F05}.Release|iPhoneSimulator.ActiveCfg = Release|Any CPU
		{0C809641-F857-4D40-AFA9-0AAE84B60F05}.Release|iPhoneSimulator.Build.0 = Release|Any CPU
		{0C809641-F857-4D40-AFA9-0AAE84B60F05}.Release|iPhoneSimulator.Deploy.0 = Release|Any CPU
		{74BF71B9-48DF-4E9C-B1B5-62B335F5EB1C}.Ad-Hoc|Any CPU.ActiveCfg = Ad-Hoc|iPhone
		{74BF71B9-48DF-4E9C-B1B5-62B335F5EB1C}.Ad-Hoc|Any CPU.Build.0 = Ad-Hoc|iPhone
		{74BF71B9-48DF-4E9C-B1B5-62B335F5EB1C}.Ad-Hoc|Any CPU.Deploy.0 = Ad-Hoc|iPhone
		{74BF71B9-48DF-4E9C-B1B5-62B335F5EB1C}.Ad-Hoc|iPhone.ActiveCfg = Ad-Hoc|iPhone
		{74BF71B9-48DF-4E9C-B1B5-62B335F5EB1C}.Ad-Hoc|iPhone.Build.0 = Ad-Hoc|iPhone
		{74BF71B9-48DF-4E9C-B1B5-62B335F5EB1C}.Ad-Hoc|iPhone.Deploy.0 = Ad-Hoc|iPhone
		{74BF71B9-48DF-4E9C-B1B5-62B335F5EB1C}.Ad-Hoc|iPhoneSimulator.ActiveCfg = Ad-Hoc|iPhoneSimulator
		{74BF71B9-48DF-4E9C-B1B5-62B335F5EB1C}.Ad-Hoc|iPhoneSimulator.Build.0 = Ad-Hoc|iPhoneSimulator
		{74BF71B9-48DF-4E9C-B1B5-62B335F5EB1C}.Ad-Hoc|iPhoneSimulator.Deploy.0 = Ad-Hoc|iPhoneSimulator
		{74BF71B9-48DF-4E9C-B1B5-62B335F5EB1C}.AppStore|Any CPU.ActiveCfg = AppStore|iPhone
		{74BF71B9-48DF-4E9C-B1B5-62B335F5EB1C}.AppStore|Any CPU.Build.0 = AppStore|iPhone
		{74BF71B9-48DF-4E9C-B1B5-62B335F5EB1C}.AppStore|Any CPU.Deploy.0 = AppStore|iPhone
		{74BF71B9-48DF-4E9C-B1B5-62B335F5EB1C}.AppStore|iPhone.ActiveCfg = AppStore|iPhone
		{74BF71B9-48DF-4E9C-B1B5-62B335F5EB1C}.AppStore|iPhone.Build.0 = AppStore|iPhone
		{74BF71B9-48DF-4E9C-B1B5-62B335F5EB1C}.AppStore|iPhone.Deploy.0 = AppStore|iPhone
		{74BF71B9-48DF-4E9C-B1B5-62B335F5EB1C}.AppStore|iPhoneSimulator.ActiveCfg = AppStore|iPhoneSimulator
		{74BF71B9-48DF-4E9C-B1B5-62B335F5EB1C}.AppStore|iPhoneSimulator.Build.0 = AppStore|iPhoneSimulator
		{74BF71B9-48DF-4E9C-B1B5-62B335F5EB1C}.AppStore|iPhoneSimulator.Deploy.0 = AppStore|iPhoneSimulator
		{74BF71B9-48DF-4E9C-B1B5-62B335F5EB1C}.Debug|Any CPU.ActiveCfg = Debug|iPhoneSimulator
		{74BF71B9-48DF-4E9C-B1B5-62B335F5EB1C}.Debug|Any CPU.Build.0 = Debug|iPhoneSimulator
		{74BF71B9-48DF-4E9C-B1B5-62B335F5EB1C}.Debug|Any CPU.Deploy.0 = Debug|iPhoneSimulator
		{74BF71B9-48DF-4E9C-B1B5-62B335F5EB1C}.Debug|iPhone.ActiveCfg = Debug|iPhone
		{74BF71B9-48DF-4E9C-B1B5-62B335F5EB1C}.Debug|iPhone.Build.0 = Debug|iPhone
		{74BF71B9-48DF-4E9C-B1B5-62B335F5EB1C}.Debug|iPhone.Deploy.0 = Debug|iPhone
		{74BF71B9-48DF-4E9C-B1B5-62B335F5EB1C}.Debug|iPhoneSimulator.ActiveCfg = Debug|iPhoneSimulator
		{74BF71B9-48DF-4E9C-B1B5-62B335F5EB1C}.Debug|iPhoneSimulator.Build.0 = Debug|iPhoneSimulator
		{74BF71B9-48DF-4E9C-B1B5-62B335F5EB1C}.Debug|iPhoneSimulator.Deploy.0 = Debug|iPhoneSimulator
		{74BF71B9-48DF-4E9C-B1B5-62B335F5EB1C}.Release|Any CPU.ActiveCfg = Release|iPhone
		{74BF71B9-48DF-4E9C-B1B5-62B335F5EB1C}.Release|Any CPU.Build.0 = Release|iPhone
		{74BF71B9-48DF-4E9C-B1B5-62B335F5EB1C}.Release|Any CPU.Deploy.0 = Release|iPhone
		{74BF71B9-48DF-4E9C-B1B5-62B335F5EB1C}.Release|iPhone.ActiveCfg = Release|iPhone
		{74BF71B9-48DF-4E9C-B1B5-62B335F5EB1C}.Release|iPhone.Build.0 = Release|iPhone
		{74BF71B9-48DF-4E9C-B1B5-62B335F5EB1C}.Release|iPhone.Deploy.0 = Release|iPhone
		{74BF71B9-48DF-4E9C-B1B5-62B335F5EB1C}.Release|iPhoneSimulator.ActiveCfg = Release|iPhoneSimulator
		{74BF71B9-48DF-4E9C-B1B5-62B335F5EB1C}.Release|iPhoneSimulator.Build.0 = Release|iPhoneSimulator
		{74BF71B9-48DF-4E9C-B1B5-62B335F5EB1C}.Release|iPhoneSimulator.Deploy.0 = Release|iPhoneSimulator
		{8FE97C46-EF94-43C6-9FE0-5909D1209F07}.Ad-Hoc|Any CPU.ActiveCfg = Debug|Any CPU
		{8FE97C46-EF94-43C6-9FE0-5909D1209F07}.Ad-Hoc|Any CPU.Build.0 = Debug|Any CPU
		{8FE97C46-EF94-43C6-9FE0-5909D1209F07}.Ad-Hoc|Any CPU.Deploy.0 = Debug|Any CPU
		{8FE97C46-EF94-43C6-9FE0-5909D1209F07}.Ad-Hoc|iPhone.ActiveCfg = Debug|Any CPU
		{8FE97C46-EF94-43C6-9FE0-5909D1209F07}.Ad-Hoc|iPhone.Build.0 = Debug|Any CPU
		{8FE97C46-EF94-43C6-9FE0-5909D1209F07}.Ad-Hoc|iPhone.Deploy.0 = Debug|Any CPU
		{8FE97C46-EF94-43C6-9FE0-5909D1209F07}.Ad-Hoc|iPhoneSimulator.ActiveCfg = Debug|Any CPU
		{8FE97C46-EF94-43C6-9FE0-5909D1209F07}.Ad-Hoc|iPhoneSimulator.Build.0 = Debug|Any CPU
		{8FE97C46-EF94-43C6-9FE0-5909D1209F07}.Ad-Hoc|iPhoneSimulator.Deploy.0 = Debug|Any CPU
		{8FE97C46-EF94-43C6-9FE0-5909D1209F07}.AppStore|Any CPU.ActiveCfg = Debug|Any CPU
		{8FE97C46-EF94-43C6-9FE0-5909D1209F07}.AppStore|Any CPU.Build.0 = Debug|Any CPU
		{8FE97C46-EF94-43C6-9FE0-5909D1209F07}.AppStore|Any CPU.Deploy.0 = Debug|Any CPU
		{8FE97C46-EF94-43C6-9FE0-5909D1209F07}.AppStore|iPhone.ActiveCfg = Debug|Any CPU
		{8FE97C46-EF94-43C6-9FE0-5909D1209F07}.AppStore|iPhone.Build.0 = Debug|Any CPU
		{8FE97C46-EF94-43C6-9FE0-5909D1209F07}.AppStore|iPhone.Deploy.0 = Debug|Any CPU
		{8FE97C46-EF94-43C6-9FE0-5909D1209F07}.AppStore|iPhoneSimulator.ActiveCfg = Debug|Any CPU
		{8FE97C46-EF94-43C6-9FE0-5909D1209F07}.AppStore|iPhoneSimulator.Build.0 = Debug|Any CPU
		{8FE97C46-EF94-43C6-9FE0-5909D1209F07}.AppStore|iPhoneSimulator.Deploy.0 = Debug|Any CPU
		{8FE97C46-EF94-43C6-9FE0-5909D1209F07}.Debug|Any CPU.ActiveCfg = Debug|Any CPU
		{8FE97C46-EF94-43C6-9FE0-5909D1209F07}.Debug|Any CPU.Build.0 = Debug|Any CPU
		{8FE97C46-EF94-43C6-9FE0-5909D1209F07}.Debug|Any CPU.Deploy.0 = Debug|Any CPU
		{8FE97C46-EF94-43C6-9FE0-5909D1209F07}.Debug|iPhone.ActiveCfg = Debug|Any CPU
		{8FE97C46-EF94-43C6-9FE0-5909D1209F07}.Debug|iPhone.Build.0 = Debug|Any CPU
		{8FE97C46-EF94-43C6-9FE0-5909D1209F07}.Debug|iPhone.Deploy.0 = Debug|Any CPU
		{8FE97C46-EF94-43C6-9FE0-5909D1209F07}.Debug|iPhoneSimulator.ActiveCfg = Debug|Any CPU
		{8FE97C46-EF94-43C6-9FE0-5909D1209F07}.Debug|iPhoneSimulator.Build.0 = Debug|Any CPU
		{8FE97C46-EF94-43C6-9FE0-5909D1209F07}.Debug|iPhoneSimulator.Deploy.0 = Debug|Any CPU
		{8FE97C46-EF94-43C6-9FE0-5909D1209F07}.Release|Any CPU.ActiveCfg = Release|Any CPU
		{8FE97C46-EF94-43C6-9FE0-5909D1209F07}.Release|Any CPU.Build.0 = Release|Any CPU
		{8FE97C46-EF94-43C6-9FE0-5909D1209F07}.Release|Any CPU.Deploy.0 = Release|Any CPU
		{8FE97C46-EF94-43C6-9FE0-5909D1209F07}.Release|iPhone.ActiveCfg = Release|Any CPU
		{8FE97C46-EF94-43C6-9FE0-5909D1209F07}.Release|iPhone.Build.0 = Release|Any CPU
		{8FE97C46-EF94-43C6-9FE0-5909D1209F07}.Release|iPhone.Deploy.0 = Release|Any CPU
		{8FE97C46-EF94-43C6-9FE0-5909D1209F07}.Release|iPhoneSimulator.ActiveCfg = Release|Any CPU
		{8FE97C46-EF94-43C6-9FE0-5909D1209F07}.Release|iPhoneSimulator.Build.0 = Release|Any CPU
		{8FE97C46-EF94-43C6-9FE0-5909D1209F07}.Release|iPhoneSimulator.Deploy.0 = Release|Any CPU
	EndGlobalSection
	GlobalSection(SolutionProperties) = preSolution
		HideSolutionNode = FALSE
	EndGlobalSection
	GlobalSection(ExtensibilityGlobals) = postSolution
		SolutionGuid = {BA08065F-CD7C-47EC-B1A6-7D9DBC2EE250}
	EndGlobalSection
EndGlobal
